
Microsoft Visual Studio Solution File, Format Version 12.00
# Visual Studio Version 17
VisualStudioVersion = 17.13.35919.96
MinimumVisualStudioVersion = 10.0.40219.1
Project("{FAE04EC0-301F-11D3-BF4B-00C04F79EFBC}") = "QRTrackerApp", "QRTrackerApp\QRTrackerApp.csproj", "{07EFF51E-5C9D-49A4-A3F1-608A3D207FE3}"
EndProject
Project("{FAE04EC0-301F-11D3-BF4B-00C04F79EFBC}") = "DataAccess", "DataAccess\DataAccess.csproj", "{36512609-E1B5-4679-A556-D892373B7088}"
EndProject
Project("{FAE04EC0-301F-11D3-BF4B-00C04F79EFBC}") = "Repository", "Repository\Repository.csproj", "{CA2416D6-192C-49A3-A6D6-AD8FDB5B52B7}"
EndProject
Project("{FAE04EC0-301F-11D3-BF4B-00C04F79EFBC}") = "Services", "Services\Services.csproj", "{A8532329-2CAB-42EC-98DC-9FC242C2CD56}"
EndProject
Project("{FAE04EC0-301F-11D3-BF4B-00C04F79EFBC}") = "Test", "Test\Test.csproj", "{FD5B854F-E364-4DC5-BA91-4C5886A19786}"
EndProject
Global
	GlobalSection(SolutionConfigurationPlatforms) = preSolution
		Debug|Any CPU = Debug|Any CPU
		Release|Any CPU = Release|Any CPU
	EndGlobalSection
	GlobalSection(ProjectConfigurationPlatforms) = postSolution
		{07EFF51E-5C9D-49A4-A3F1-608A3D207FE3}.Debug|Any CPU.ActiveCfg = Debug|Any CPU
		{07EFF51E-5C9D-49A4-A3F1-608A3D207FE3}.Debug|Any CPU.Build.0 = Debug|Any CPU
		{07EFF51E-5C9D-49A4-A3F1-608A3D207FE3}.Release|Any CPU.ActiveCfg = Release|Any CPU
		{07EFF51E-5C9D-49A4-A3F1-608A3D207FE3}.Release|Any CPU.Build.0 = Release|Any CPU
		{36512609-E1B5-4679-A556-D892373B7088}.Debug|Any CPU.ActiveCfg = Debug|Any CPU
		{36512609-E1B5-4679-A556-D892373B7088}.Debug|Any CPU.Build.0 = Debug|Any CPU
		{36512609-E1B5-4679-A556-D892373B7088}.Release|Any CPU.ActiveCfg = Release|Any CPU
		{36512609-E1B5-4679-A556-D892373B7088}.Release|Any CPU.Build.0 = Release|Any CPU
		{CA2416D6-192C-49A3-A6D6-AD8FDB5B52B7}.Debug|Any CPU.ActiveCfg = Debug|Any CPU
		{CA2416D6-192C-49A3-A6D6-AD8FDB5B52B7}.Debug|Any CPU.Build.0 = Debug|Any CPU
		{CA2416D6-192C-49A3-A6D6-AD8FDB5B52B7}.Release|Any CPU.ActiveCfg = Release|Any CPU
		{CA2416D6-192C-49A3-A6D6-AD8FDB5B52B7}.Release|Any CPU.Build.0 = Release|Any CPU
		{A8532329-2CAB-42EC-98DC-9FC242C2CD56}.Debug|Any CPU.ActiveCfg = Debug|Any CPU
		{A8532329-2CAB-42EC-98DC-9FC242C2CD56}.Debug|Any CPU.Build.0 = Debug|Any CPU
		{A8532329-2CAB-42EC-98DC-9FC242C2CD56}.Release|Any CPU.ActiveCfg = Release|Any CPU
		{A8532329-2CAB-42EC-98DC-9FC242C2CD56}.Release|Any CPU.Build.0 = Release|Any CPU
		{FD5B854F-E364-4DC5-BA91-4C5886A19786}.Debug|Any CPU.ActiveCfg = Debug|Any CPU
		{FD5B854F-E364-4DC5-BA91-4C5886A19786}.Debug|Any CPU.Build.0 = Debug|Any CPU
		{FD5B854F-E364-4DC5-BA91-4C5886A19786}.Release|Any CPU.ActiveCfg = Release|Any CPU
		{FD5B854F-E364-4DC5-BA91-4C5886A19786}.Release|Any CPU.Build.0 = Release|Any CPU
	EndGlobalSection
	GlobalSection(SolutionProperties) = preSolution
		HideSolutionNode = FALSE
	EndGlobalSection
	GlobalSection(ExtensibilityGlobals) = postSolution
		SolutionGuid = {F91C5595-A913-4CFD-9364-321036797E62}
	EndGlobalSection
EndGlobal
